
Microsoft Visual Studio Solution File, Format Version 12.00
# Visual Studio 2012
Project("{FAE04EC0-301F-11D3-BF4B-00C04F79EFBC}") = "Euler", "Euler\Euler.csproj", "{2731517A-4661-4963-894A-1DED0CB996F7}"
EndProject
Project("{FAE04EC0-301F-11D3-BF4B-00C04F79EFBC}") = "EulerTests", "EulerTests\EulerTests.csproj", "{C062C124-FAE9-4095-A6A2-EFC8F67D6811}"
EndProject
Global
	GlobalSection(SolutionConfigurationPlatforms) = preSolution
		Debug|Any CPU = Debug|Any CPU
		Release|Any CPU = Release|Any CPU
	EndGlobalSection
	GlobalSection(ProjectConfigurationPlatforms) = postSolution
		{2731517A-4661-4963-894A-1DED0CB996F7}.Debug|Any CPU.ActiveCfg = Debug|Any CPU
		{2731517A-4661-4963-894A-1DED0CB996F7}.Debug|Any CPU.Build.0 = Debug|Any CPU
		{2731517A-4661-4963-894A-1DED0CB996F7}.Release|Any CPU.ActiveCfg = Release|Any CPU
		{2731517A-4661-4963-894A-1DED0CB996F7}.Release|Any CPU.Build.0 = Release|Any CPU
		{C062C124-FAE9-4095-A6A2-EFC8F67D6811}.Debug|Any CPU.ActiveCfg = Debug|Any CPU
		{C062C124-FAE9-4095-A6A2-EFC8F67D6811}.Debug|Any CPU.Build.0 = Debug|Any CPU
		{C062C124-FAE9-4095-A6A2-EFC8F67D6811}.Release|Any CPU.ActiveCfg = Release|Any CPU
		{C062C124-FAE9-4095-A6A2-EFC8F67D6811}.Release|Any CPU.Build.0 = Release|Any CPU
	EndGlobalSection
	GlobalSection(SolutionProperties) = preSolution
		HideSolutionNode = FALSE
	EndGlobalSection
EndGlobal
